
Microsoft Visual Studio Solution File, Format Version 12.00
# Visual Studio Version 16
VisualStudioVersion = 16.0.32510.428
MinimumVisualStudioVersion = 10.0.40219.1
Project("{FAE04EC0-301F-11D3-BF4B-00C04F79EFBC}") = "EfaasDemo", "EfaasDemo.csproj", "{53A69DC7-BCFB-46DF-88BA-FE6731E02F38}"
EndProject
Global
	GlobalSection(SolutionConfigurationPlatforms) = preSolution
		Debug|Any CPU = Debug|Any CPU
		Release|Any CPU = Release|Any CPU
	EndGlobalSection
	GlobalSection(ProjectConfigurationPlatforms) = postSolution
		{53A69DC7-BCFB-46DF-88BA-FE6731E02F38}.Debug|Any CPU.ActiveCfg = Debug|Any CPU
		{53A69DC7-BCFB-46DF-88BA-FE6731E02F38}.Debug|Any CPU.Build.0 = Debug|Any CPU
		{53A69DC7-BCFB-46DF-88BA-FE6731E02F38}.Release|Any CPU.ActiveCfg = Release|Any CPU
		{53A69DC7-BCFB-46DF-88BA-FE6731E02F38}.Release|Any CPU.Build.0 = Release|Any CPU
	EndGlobalSection
	GlobalSection(SolutionProperties) = preSolution
		HideSolutionNode = FALSE
	EndGlobalSection
	GlobalSection(ExtensibilityGlobals) = postSolution
		SolutionGuid = {AF55BF54-9167-422F-8920-374CC66AB60C}
	EndGlobalSection
EndGlobal
